
Microsoft Visual Studio Solution File, Format Version 12.00
# Visual Studio Version 17
VisualStudioVersion = 17.4.33205.214
MinimumVisualStudioVersion = 10.0.40219.1
Project("{9A19103F-16F7-4668-BE54-9A1E7A4F7556}") = "AJAX", "AJAX\AJAX.csproj", "{722A66C2-5FF8-4915-B9D4-FAAB41AE3E31}"
EndProject
Project("{FAE04EC0-301F-11D3-BF4B-00C04F79EFBC}") = "EmployeeService", "EmployeeService\EmployeeService.csproj", "{B8AD1852-BDE1-48E5-B160-F923B27D0BFE}"
EndProject
Global
	GlobalSection(SolutionConfigurationPlatforms) = preSolution
		Debug|Any CPU = Debug|Any CPU
		Release|Any CPU = Release|Any CPU
	EndGlobalSection
	GlobalSection(ProjectConfigurationPlatforms) = postSolution
		{722A66C2-5FF8-4915-B9D4-FAAB41AE3E31}.Debug|Any CPU.ActiveCfg = Debug|Any CPU
		{722A66C2-5FF8-4915-B9D4-FAAB41AE3E31}.Debug|Any CPU.Build.0 = Debug|Any CPU
		{722A66C2-5FF8-4915-B9D4-FAAB41AE3E31}.Release|Any CPU.ActiveCfg = Release|Any CPU
		{722A66C2-5FF8-4915-B9D4-FAAB41AE3E31}.Release|Any CPU.Build.0 = Release|Any CPU
		{B8AD1852-BDE1-48E5-B160-F923B27D0BFE}.Debug|Any CPU.ActiveCfg = Debug|Any CPU
		{B8AD1852-BDE1-48E5-B160-F923B27D0BFE}.Debug|Any CPU.Build.0 = Debug|Any CPU
		{B8AD1852-BDE1-48E5-B160-F923B27D0BFE}.Release|Any CPU.ActiveCfg = Release|Any CPU
		{B8AD1852-BDE1-48E5-B160-F923B27D0BFE}.Release|Any CPU.Build.0 = Release|Any CPU
	EndGlobalSection
	GlobalSection(SolutionProperties) = preSolution
		HideSolutionNode = FALSE
	EndGlobalSection
	GlobalSection(ExtensibilityGlobals) = postSolution
		SolutionGuid = {053F789E-0D36-4CEF-8A22-F34FF50C4221}
	EndGlobalSection
EndGlobal
